
Microsoft Visual Studio Solution File, Format Version 12.00
# Visual Studio Version 17
VisualStudioVersion = 17.10.35027.167
MinimumVisualStudioVersion = 10.0.40219.1
Project("{FAE04EC0-301F-11D3-BF4B-00C04F79EFBC}") = "Bankomat", "Bankomat\Bankomat.csproj", "{1186130B-0C10-432B-B486-7CE11FACF8DD}"
EndProject
Global
	GlobalSection(SolutionConfigurationPlatforms) = preSolution
		Debug|Any CPU = Debug|Any CPU
		Release|Any CPU = Release|Any CPU
	EndGlobalSection
	GlobalSection(ProjectConfigurationPlatforms) = postSolution
		{1186130B-0C10-432B-B486-7CE11FACF8DD}.Debug|Any CPU.ActiveCfg = Debug|Any CPU
		{1186130B-0C10-432B-B486-7CE11FACF8DD}.Debug|Any CPU.Build.0 = Debug|Any CPU
		{1186130B-0C10-432B-B486-7CE11FACF8DD}.Release|Any CPU.ActiveCfg = Release|Any CPU
		{1186130B-0C10-432B-B486-7CE11FACF8DD}.Release|Any CPU.Build.0 = Release|Any CPU
	EndGlobalSection
	GlobalSection(SolutionProperties) = preSolution
		HideSolutionNode = FALSE
	EndGlobalSection
	GlobalSection(ExtensibilityGlobals) = postSolution
		SolutionGuid = {0E5C5504-BF2C-4A64-9695-9123F33B2304}
	EndGlobalSection
EndGlobal
